
Microsoft Visual Studio Solution File, Format Version 12.00
# Visual Studio Version 16
VisualStudioVersion = 16.0.31424.327
MinimumVisualStudioVersion = 10.0.40219.1
Project("{9A19103F-16F7-4668-BE54-9A1E7A4F7556}") = "Application", "Layer_Project\Application.csproj", "{3635A06F-8281-47FE-BD24-5BC2E60CD900}"
EndProject
Project("{9A19103F-16F7-4668-BE54-9A1E7A4F7556}") = "Project.Domain", "Domain\Project.Domain.csproj", "{781894D1-216C-4975-9D90-7C329DD9528A}"
EndProject
Project("{9A19103F-16F7-4668-BE54-9A1E7A4F7556}") = "Project.Infrastructure", "Infrastructure\Project.Infrastructure.csproj", "{701689E7-51B1-408C-9426-2D8B8620C8F8}"
EndProject
Global
	GlobalSection(SolutionConfigurationPlatforms) = preSolution
		Debug|Any CPU = Debug|Any CPU
		Release|Any CPU = Release|Any CPU
	EndGlobalSection
	GlobalSection(ProjectConfigurationPlatforms) = postSolution
		{3635A06F-8281-47FE-BD24-5BC2E60CD900}.Debug|Any CPU.ActiveCfg = Debug|Any CPU
		{3635A06F-8281-47FE-BD24-5BC2E60CD900}.Debug|Any CPU.Build.0 = Debug|Any CPU
		{3635A06F-8281-47FE-BD24-5BC2E60CD900}.Release|Any CPU.ActiveCfg = Release|Any CPU
		{3635A06F-8281-47FE-BD24-5BC2E60CD900}.Release|Any CPU.Build.0 = Release|Any CPU
		{781894D1-216C-4975-9D90-7C329DD9528A}.Debug|Any CPU.ActiveCfg = Debug|Any CPU
		{781894D1-216C-4975-9D90-7C329DD9528A}.Debug|Any CPU.Build.0 = Debug|Any CPU
		{781894D1-216C-4975-9D90-7C329DD9528A}.Release|Any CPU.ActiveCfg = Release|Any CPU
		{781894D1-216C-4975-9D90-7C329DD9528A}.Release|Any CPU.Build.0 = Release|Any CPU
		{701689E7-51B1-408C-9426-2D8B8620C8F8}.Debug|Any CPU.ActiveCfg = Debug|Any CPU
		{701689E7-51B1-408C-9426-2D8B8620C8F8}.Debug|Any CPU.Build.0 = Debug|Any CPU
		{701689E7-51B1-408C-9426-2D8B8620C8F8}.Release|Any CPU.ActiveCfg = Release|Any CPU
		{701689E7-51B1-408C-9426-2D8B8620C8F8}.Release|Any CPU.Build.0 = Release|Any CPU
	EndGlobalSection
	GlobalSection(SolutionProperties) = preSolution
		HideSolutionNode = FALSE
	EndGlobalSection
	GlobalSection(ExtensibilityGlobals) = postSolution
		SolutionGuid = {37EC62AE-3516-46D9-B336-78C4714774EF}
	EndGlobalSection
EndGlobal
